
Microsoft Visual Studio Solution File, Format Version 12.00
# Visual Studio 15
VisualStudioVersion = 15.0.28307.271
MinimumVisualStudioVersion = 10.0.40219.1
Project("{FAE04EC0-301F-11D3-BF4B-00C04F79EFBC}") = "XamEnvMonitor.Android", "XamEnvMonitor\XamEnvMonitor.Android\XamEnvMonitor.Android.csproj", "{F0411A71-6F87-4F79-9316-4F25CD80FEC1}"
EndProject
Project("{FAE04EC0-301F-11D3-BF4B-00C04F79EFBC}") = "XamEnvMonitor.iOS", "XamEnvMonitor\XamEnvMonitor.iOS\XamEnvMonitor.iOS.csproj", "{6AADD0B6-5FD7-4EDA-9217-3CA6FBF810B9}"
EndProject
Project("{9A19103F-16F7-4668-BE54-9A1E7A4F7556}") = "XamEnvMonitor", "XamEnvMonitor\XamEnvMonitor\XamEnvMonitor.csproj", "{2E1AC9CE-AFA1-42F4-AE44-F8E7EDBEE1AD}"
EndProject
Project("{FAE04EC0-301F-11D3-BF4B-00C04F79EFBC}") = "XamEnvMonitor.Android.Things", "XamEnvMonitor\XamEnvMonitor.Android.Things\XamEnvMonitor.Android.Things.csproj", "{F0DC82FD-570E-44DE-B1CB-2E208C3D76AD}"
EndProject
Project("{FAE04EC0-301F-11D3-BF4B-00C04F79EFBC}") = "XamEnvMonitor.Gtk", "XamEnvMonitor\XamEnvMonitor.Gtk\XamEnvMonitor.Gtk.csproj", "{28CBDD3E-81F9-42B9-BD58-893516FD23C5}"
EndProject
Project("{9A19103F-16F7-4668-BE54-9A1E7A4F7556}") = "XamEnvMonitor.Blazor", "XamEnvMonitor\XamEnvMonitor.Blazor\XamEnvMonitor.Blazor.csproj", "{5C5DC07B-3201-4DBA-805A-660B25E18A05}"
EndProject
Project("{9A19103F-16F7-4668-BE54-9A1E7A4F7556}") = "OpenWeather.Cli", "OpenWeather.Cli\OpenWeather.Cli.csproj", "{C0C1B4CB-55E6-4935-83BF-63798F76B16E}"
EndProject
Project("{9A19103F-16F7-4668-BE54-9A1E7A4F7556}") = "OpenWeather", "OpenWeather\OpenWeather.csproj", "{F569E26A-7990-4B38-AB60-167038546DF5}"
EndProject
Project("{9A19103F-16F7-4668-BE54-9A1E7A4F7556}") = "XamEnvMonitor.Tizen", "XamEnvMonitor\XamEnvMonitor.Tizen\XamEnvMonitor.Tizen\XamEnvMonitor.Tizen.csproj", "{9C69BF8E-7CC6-41D3-B1A1-0C8A6CD7A9E0}"
EndProject
Global
	GlobalSection(SolutionConfigurationPlatforms) = preSolution
		Ad-Hoc|Any CPU = Ad-Hoc|Any CPU
		Ad-Hoc|iPhone = Ad-Hoc|iPhone
		Ad-Hoc|iPhoneSimulator = Ad-Hoc|iPhoneSimulator
		AppStore|Any CPU = AppStore|Any CPU
		AppStore|iPhone = AppStore|iPhone
		AppStore|iPhoneSimulator = AppStore|iPhoneSimulator
		Debug|Any CPU = Debug|Any CPU
		Debug|iPhone = Debug|iPhone
		Debug|iPhoneSimulator = Debug|iPhoneSimulator
		Release|Any CPU = Release|Any CPU
		Release|iPhone = Release|iPhone
		Release|iPhoneSimulator = Release|iPhoneSimulator
	EndGlobalSection
	GlobalSection(ProjectConfigurationPlatforms) = postSolution
		{F0411A71-6F87-4F79-9316-4F25CD80FEC1}.Ad-Hoc|Any CPU.ActiveCfg = Release|Any CPU
		{F0411A71-6F87-4F79-9316-4F25CD80FEC1}.Ad-Hoc|Any CPU.Build.0 = Release|Any CPU
		{F0411A71-6F87-4F79-9316-4F25CD80FEC1}.Ad-Hoc|Any CPU.Deploy.0 = Release|Any CPU
		{F0411A71-6F87-4F79-9316-4F25CD80FEC1}.Ad-Hoc|iPhone.ActiveCfg = Release|Any CPU
		{F0411A71-6F87-4F79-9316-4F25CD80FEC1}.Ad-Hoc|iPhone.Build.0 = Release|Any CPU
		{F0411A71-6F87-4F79-9316-4F25CD80FEC1}.Ad-Hoc|iPhone.Deploy.0 = Release|Any CPU
		{F0411A71-6F87-4F79-9316-4F25CD80FEC1}.Ad-Hoc|iPhoneSimulator.ActiveCfg = Release|Any CPU
		{F0411A71-6F87-4F79-9316-4F25CD80FEC1}.Ad-Hoc|iPhoneSimulator.Build.0 = Release|Any CPU
		{F0411A71-6F87-4F79-9316-4F25CD80FEC1}.Ad-Hoc|iPhoneSimulator.Deploy.0 = Release|Any CPU
		{F0411A71-6F87-4F79-9316-4F25CD80FEC1}.AppStore|Any CPU.ActiveCfg = Release|Any CPU
		{F0411A71-6F87-4F79-9316-4F25CD80FEC1}.AppStore|Any CPU.Build.0 = Release|Any CPU
		{F0411A71-6F87-4F79-9316-4F25CD80FEC1}.AppStore|Any CPU.Deploy.0 = Release|Any CPU
		{F0411A71-6F87-4F79-9316-4F25CD80FEC1}.AppStore|iPhone.ActiveCfg = Release|Any CPU
		{F0411A71-6F87-4F79-9316-4F25CD80FEC1}.AppStore|iPhone.Build.0 = Release|Any CPU
		{F0411A71-6F87-4F79-9316-4F25CD80FEC1}.AppStore|iPhone.Deploy.0 = Release|Any CPU
		{F0411A71-6F87-4F79-9316-4F25CD80FEC1}.AppStore|iPhoneSimulator.ActiveCfg = Release|Any CPU
		{F0411A71-6F87-4F79-9316-4F25CD80FEC1}.AppStore|iPhoneSimulator.Build.0 = Release|Any CPU
		{F0411A71-6F87-4F79-9316-4F25CD80FEC1}.AppStore|iPhoneSimulator.Deploy.0 = Release|Any CPU
		{F0411A71-6F87-4F79-9316-4F25CD80FEC1}.Debug|Any CPU.ActiveCfg = Debug|Any CPU
		{F0411A71-6F87-4F79-9316-4F25CD80FEC1}.Debug|Any CPU.Build.0 = Debug|Any CPU
		{F0411A71-6F87-4F79-9316-4F25CD80FEC1}.Debug|Any CPU.Deploy.0 = Debug|Any CPU
		{F0411A71-6F87-4F79-9316-4F25CD80FEC1}.Debug|iPhone.ActiveCfg = Debug|Any CPU
		{F0411A71-6F87-4F79-9316-4F25CD80FEC1}.Debug|iPhone.Build.0 = Debug|Any CPU
		{F0411A71-6F87-4F79-9316-4F25CD80FEC1}.Debug|iPhone.Deploy.0 = Debug|Any CPU
		{F0411A71-6F87-4F79-9316-4F25CD80FEC1}.Debug|iPhoneSimulator.ActiveCfg = Debug|Any CPU
		{F0411A71-6F87-4F79-9316-4F25CD80FEC1}.Debug|iPhoneSimulator.Build.0 = Debug|Any CPU
		{F0411A71-6F87-4F79-9316-4F25CD80FEC1}.Debug|iPhoneSimulator.Deploy.0 = Debug|Any CPU
		{F0411A71-6F87-4F79-9316-4F25CD80FEC1}.Release|Any CPU.ActiveCfg = Release|Any CPU
		{F0411A71-6F87-4F79-9316-4F25CD80FEC1}.Release|Any CPU.Build.0 = Release|Any CPU
		{F0411A71-6F87-4F79-9316-4F25CD80FEC1}.Release|Any CPU.Deploy.0 = Release|Any CPU
		{F0411A71-6F87-4F79-9316-4F25CD80FEC1}.Release|iPhone.ActiveCfg = Release|Any CPU
		{F0411A71-6F87-4F79-9316-4F25CD80FEC1}.Release|iPhone.Build.0 = Release|Any CPU
		{F0411A71-6F87-4F79-9316-4F25CD80FEC1}.Release|iPhone.Deploy.0 = Release|Any CPU
		{F0411A71-6F87-4F79-9316-4F25CD80FEC1}.Release|iPhoneSimulator.ActiveCfg = Release|Any CPU
		{F0411A71-6F87-4F79-9316-4F25CD80FEC1}.Release|iPhoneSimulator.Build.0 = Release|Any CPU
		{F0411A71-6F87-4F79-9316-4F25CD80FEC1}.Release|iPhoneSimulator.Deploy.0 = Release|Any CPU
		{6AADD0B6-5FD7-4EDA-9217-3CA6FBF810B9}.Ad-Hoc|Any CPU.ActiveCfg = Ad-Hoc|iPhone
		{6AADD0B6-5FD7-4EDA-9217-3CA6FBF810B9}.Ad-Hoc|Any CPU.Build.0 = Ad-Hoc|iPhone
		{6AADD0B6-5FD7-4EDA-9217-3CA6FBF810B9}.Ad-Hoc|Any CPU.Deploy.0 = Ad-Hoc|iPhone
		{6AADD0B6-5FD7-4EDA-9217-3CA6FBF810B9}.Ad-Hoc|iPhone.ActiveCfg = Ad-Hoc|iPhone
		{6AADD0B6-5FD7-4EDA-9217-3CA6FBF810B9}.Ad-Hoc|iPhone.Build.0 = Ad-Hoc|iPhone
		{6AADD0B6-5FD7-4EDA-9217-3CA6FBF810B9}.Ad-Hoc|iPhone.Deploy.0 = Ad-Hoc|iPhone
		{6AADD0B6-5FD7-4EDA-9217-3CA6FBF810B9}.Ad-Hoc|iPhoneSimulator.ActiveCfg = Ad-Hoc|iPhoneSimulator
		{6AADD0B6-5FD7-4EDA-9217-3CA6FBF810B9}.Ad-Hoc|iPhoneSimulator.Build.0 = Ad-Hoc|iPhoneSimulator
		{6AADD0B6-5FD7-4EDA-9217-3CA6FBF810B9}.Ad-Hoc|iPhoneSimulator.Deploy.0 = Ad-Hoc|iPhoneSimulator
		{6AADD0B6-5FD7-4EDA-9217-3CA6FBF810B9}.AppStore|Any CPU.ActiveCfg = AppStore|iPhone
		{6AADD0B6-5FD7-4EDA-9217-3CA6FBF810B9}.AppStore|Any CPU.Build.0 = AppStore|iPhone
		{6AADD0B6-5FD7-4EDA-9217-3CA6FBF810B9}.AppStore|Any CPU.Deploy.0 = AppStore|iPhone
		{6AADD0B6-5FD7-4EDA-9217-3CA6FBF810B9}.AppStore|iPhone.ActiveCfg = AppStore|iPhone
		{6AADD0B6-5FD7-4EDA-9217-3CA6FBF810B9}.AppStore|iPhone.Build.0 = AppStore|iPhone
		{6AADD0B6-5FD7-4EDA-9217-3CA6FBF810B9}.AppStore|iPhone.Deploy.0 = AppStore|iPhone
		{6AADD0B6-5FD7-4EDA-9217-3CA6FBF810B9}.AppStore|iPhoneSimulator.ActiveCfg = AppStore|iPhoneSimulator
		{6AADD0B6-5FD7-4EDA-9217-3CA6FBF810B9}.AppStore|iPhoneSimulator.Build.0 = AppStore|iPhoneSimulator
		{6AADD0B6-5FD7-4EDA-9217-3CA6FBF810B9}.AppStore|iPhoneSimulator.Deploy.0 = AppStore|iPhoneSimulator
		{6AADD0B6-5FD7-4EDA-9217-3CA6FBF810B9}.Debug|Any CPU.ActiveCfg = Debug|iPhoneSimulator
		{6AADD0B6-5FD7-4EDA-9217-3CA6FBF810B9}.Debug|Any CPU.Build.0 = Debug|iPhoneSimulator
		{6AADD0B6-5FD7-4EDA-9217-3CA6FBF810B9}.Debug|Any CPU.Deploy.0 = Debug|iPhoneSimulator
		{6AADD0B6-5FD7-4EDA-9217-3CA6FBF810B9}.Debug|iPhone.ActiveCfg = Debug|iPhone
		{6AADD0B6-5FD7-4EDA-9217-3CA6FBF810B9}.Debug|iPhone.Build.0 = Debug|iPhone
		{6AADD0B6-5FD7-4EDA-9217-3CA6FBF810B9}.Debug|iPhone.Deploy.0 = Debug|iPhone
		{6AADD0B6-5FD7-4EDA-9217-3CA6FBF810B9}.Debug|iPhoneSimulator.ActiveCfg = Debug|iPhoneSimulator
		{6AADD0B6-5FD7-4EDA-9217-3CA6FBF810B9}.Debug|iPhoneSimulator.Build.0 = Debug|iPhoneSimulator
		{6AADD0B6-5FD7-4EDA-9217-3CA6FBF810B9}.Debug|iPhoneSimulator.Deploy.0 = Debug|iPhoneSimulator
		{6AADD0B6-5FD7-4EDA-9217-3CA6FBF810B9}.Release|Any CPU.ActiveCfg = Release|iPhone
		{6AADD0B6-5FD7-4EDA-9217-3CA6FBF810B9}.Release|Any CPU.Build.0 = Release|iPhone
		{6AADD0B6-5FD7-4EDA-9217-3CA6FBF810B9}.Release|Any CPU.Deploy.0 = Release|iPhone
		{6AADD0B6-5FD7-4EDA-9217-3CA6FBF810B9}.Release|iPhone.ActiveCfg = Release|iPhone
		{6AADD0B6-5FD7-4EDA-9217-3CA6FBF810B9}.Release|iPhone.Build.0 = Release|iPhone
		{6AADD0B6-5FD7-4EDA-9217-3CA6FBF810B9}.Release|iPhone.Deploy.0 = Release|iPhone
		{6AADD0B6-5FD7-4EDA-9217-3CA6FBF810B9}.Release|iPhoneSimulator.ActiveCfg = Release|iPhoneSimulator
		{6AADD0B6-5FD7-4EDA-9217-3CA6FBF810B9}.Release|iPhoneSimulator.Build.0 = Release|iPhoneSimulator
		{6AADD0B6-5FD7-4EDA-9217-3CA6FBF810B9}.Release|iPhoneSimulator.Deploy.0 = Release|iPhoneSimulator
		{2E1AC9CE-AFA1-42F4-AE44-F8E7EDBEE1AD}.Ad-Hoc|Any CPU.ActiveCfg = Debug|Any CPU
		{2E1AC9CE-AFA1-42F4-AE44-F8E7EDBEE1AD}.Ad-Hoc|Any CPU.Build.0 = Debug|Any CPU
		{2E1AC9CE-AFA1-42F4-AE44-F8E7EDBEE1AD}.Ad-Hoc|Any CPU.Deploy.0 = Debug|Any CPU
		{2E1AC9CE-AFA1-42F4-AE44-F8E7EDBEE1AD}.Ad-Hoc|iPhone.ActiveCfg = Debug|Any CPU
		{2E1AC9CE-AFA1-42F4-AE44-F8E7EDBEE1AD}.Ad-Hoc|iPhone.Build.0 = Debug|Any CPU
		{2E1AC9CE-AFA1-42F4-AE44-F8E7EDBEE1AD}.Ad-Hoc|iPhone.Deploy.0 = Debug|Any CPU
		{2E1AC9CE-AFA1-42F4-AE44-F8E7EDBEE1AD}.Ad-Hoc|iPhoneSimulator.ActiveCfg = Debug|Any CPU
		{2E1AC9CE-AFA1-42F4-AE44-F8E7EDBEE1AD}.Ad-Hoc|iPhoneSimulator.Build.0 = Debug|Any CPU
		{2E1AC9CE-AFA1-42F4-AE44-F8E7EDBEE1AD}.Ad-Hoc|iPhoneSimulator.Deploy.0 = Debug|Any CPU
		{2E1AC9CE-AFA1-42F4-AE44-F8E7EDBEE1AD}.AppStore|Any CPU.ActiveCfg = Debug|Any CPU
		{2E1AC9CE-AFA1-42F4-AE44-F8E7EDBEE1AD}.AppStore|Any CPU.Build.0 = Debug|Any CPU
		{2E1AC9CE-AFA1-42F4-AE44-F8E7EDBEE1AD}.AppStore|Any CPU.Deploy.0 = Debug|Any CPU
		{2E1AC9CE-AFA1-42F4-AE44-F8E7EDBEE1AD}.AppStore|iPhone.ActiveCfg = Debug|Any CPU
		{2E1AC9CE-AFA1-42F4-AE44-F8E7EDBEE1AD}.AppStore|iPhone.Build.0 = Debug|Any CPU
		{2E1AC9CE-AFA1-42F4-AE44-F8E7EDBEE1AD}.AppStore|iPhone.Deploy.0 = Debug|Any CPU
		{2E1AC9CE-AFA1-42F4-AE44-F8E7EDBEE1AD}.AppStore|iPhoneSimulator.ActiveCfg = Debug|Any CPU
		{2E1AC9CE-AFA1-42F4-AE44-F8E7EDBEE1AD}.AppStore|iPhoneSimulator.Build.0 = Debug|Any CPU
		{2E1AC9CE-AFA1-42F4-AE44-F8E7EDBEE1AD}.AppStore|iPhoneSimulator.Deploy.0 = Debug|Any CPU
		{2E1AC9CE-AFA1-42F4-AE44-F8E7EDBEE1AD}.Debug|Any CPU.ActiveCfg = Debug|Any CPU
		{2E1AC9CE-AFA1-42F4-AE44-F8E7EDBEE1AD}.Debug|Any CPU.Build.0 = Debug|Any CPU
		{2E1AC9CE-AFA1-42F4-AE44-F8E7EDBEE1AD}.Debug|Any CPU.Deploy.0 = Debug|Any CPU
		{2E1AC9CE-AFA1-42F4-AE44-F8E7EDBEE1AD}.Debug|iPhone.ActiveCfg = Debug|Any CPU
		{2E1AC9CE-AFA1-42F4-AE44-F8E7EDBEE1AD}.Debug|iPhone.Build.0 = Debug|Any CPU
		{2E1AC9CE-AFA1-42F4-AE44-F8E7EDBEE1AD}.Debug|iPhone.Deploy.0 = Debug|Any CPU
		{2E1AC9CE-AFA1-42F4-AE44-F8E7EDBEE1AD}.Debug|iPhoneSimulator.ActiveCfg = Debug|Any CPU
		{2E1AC9CE-AFA1-42F4-AE44-F8E7EDBEE1AD}.Debug|iPhoneSimulator.Build.0 = Debug|Any CPU
		{2E1AC9CE-AFA1-42F4-AE44-F8E7EDBEE1AD}.Debug|iPhoneSimulator.Deploy.0 = Debug|Any CPU
		{2E1AC9CE-AFA1-42F4-AE44-F8E7EDBEE1AD}.Release|Any CPU.ActiveCfg = Release|Any CPU
		{2E1AC9CE-AFA1-42F4-AE44-F8E7EDBEE1AD}.Release|Any CPU.Build.0 = Release|Any CPU
		{2E1AC9CE-AFA1-42F4-AE44-F8E7EDBEE1AD}.Release|Any CPU.Deploy.0 = Release|Any CPU
		{2E1AC9CE-AFA1-42F4-AE44-F8E7EDBEE1AD}.Release|iPhone.ActiveCfg = Release|Any CPU
		{2E1AC9CE-AFA1-42F4-AE44-F8E7EDBEE1AD}.Release|iPhone.Build.0 = Release|Any CPU
		{2E1AC9CE-AFA1-42F4-AE44-F8E7EDBEE1AD}.Release|iPhone.Deploy.0 = Release|Any CPU
		{2E1AC9CE-AFA1-42F4-AE44-F8E7EDBEE1AD}.Release|iPhoneSimulator.ActiveCfg = Release|Any CPU
		{2E1AC9CE-AFA1-42F4-AE44-F8E7EDBEE1AD}.Release|iPhoneSimulator.Build.0 = Release|Any CPU
		{2E1AC9CE-AFA1-42F4-AE44-F8E7EDBEE1AD}.Release|iPhoneSimulator.Deploy.0 = Release|Any CPU
		{F0DC82FD-570E-44DE-B1CB-2E208C3D76AD}.Ad-Hoc|Any CPU.ActiveCfg = Release|Any CPU
		{F0DC82FD-570E-44DE-B1CB-2E208C3D76AD}.Ad-Hoc|Any CPU.Build.0 = Release|Any CPU
		{F0DC82FD-570E-44DE-B1CB-2E208C3D76AD}.Ad-Hoc|Any CPU.Deploy.0 = Release|Any CPU
		{F0DC82FD-570E-44DE-B1CB-2E208C3D76AD}.Ad-Hoc|iPhone.ActiveCfg = Release|Any CPU
		{F0DC82FD-570E-44DE-B1CB-2E208C3D76AD}.Ad-Hoc|iPhone.Build.0 = Release|Any CPU
		{F0DC82FD-570E-44DE-B1CB-2E208C3D76AD}.Ad-Hoc|iPhone.Deploy.0 = Release|Any CPU
		{F0DC82FD-570E-44DE-B1CB-2E208C3D76AD}.Ad-Hoc|iPhoneSimulator.ActiveCfg = Release|Any CPU
		{F0DC82FD-570E-44DE-B1CB-2E208C3D76AD}.Ad-Hoc|iPhoneSimulator.Build.0 = Release|Any CPU
		{F0DC82FD-570E-44DE-B1CB-2E208C3D76AD}.Ad-Hoc|iPhoneSimulator.Deploy.0 = Release|Any CPU
		{F0DC82FD-570E-44DE-B1CB-2E208C3D76AD}.AppStore|Any CPU.ActiveCfg = Release|Any CPU
		{F0DC82FD-570E-44DE-B1CB-2E208C3D76AD}.AppStore|Any CPU.Build.0 = Release|Any CPU
		{F0DC82FD-570E-44DE-B1CB-2E208C3D76AD}.AppStore|Any CPU.Deploy.0 = Release|Any CPU
		{F0DC82FD-570E-44DE-B1CB-2E208C3D76AD}.AppStore|iPhone.ActiveCfg = Release|Any CPU
		{F0DC82FD-570E-44DE-B1CB-2E208C3D76AD}.AppStore|iPhone.Build.0 = Release|Any CPU
		{F0DC82FD-570E-44DE-B1CB-2E208C3D76AD}.AppStore|iPhone.Deploy.0 = Release|Any CPU
		{F0DC82FD-570E-44DE-B1CB-2E208C3D76AD}.AppStore|iPhoneSimulator.ActiveCfg = Release|Any CPU
		{F0DC82FD-570E-44DE-B1CB-2E208C3D76AD}.AppStore|iPhoneSimulator.Build.0 = Release|Any CPU
		{F0DC82FD-570E-44DE-B1CB-2E208C3D76AD}.AppStore|iPhoneSimulator.Deploy.0 = Release|Any CPU
		{F0DC82FD-570E-44DE-B1CB-2E208C3D76AD}.Debug|Any CPU.ActiveCfg = Debug|Any CPU
		{F0DC82FD-570E-44DE-B1CB-2E208C3D76AD}.Debug|Any CPU.Build.0 = Debug|Any CPU
		{F0DC82FD-570E-44DE-B1CB-2E208C3D76AD}.Debug|Any CPU.Deploy.0 = Debug|Any CPU
		{F0DC82FD-570E-44DE-B1CB-2E208C3D76AD}.Debug|iPhone.ActiveCfg = Debug|Any CPU
		{F0DC82FD-570E-44DE-B1CB-2E208C3D76AD}.Debug|iPhone.Build.0 = Debug|Any CPU
		{F0DC82FD-570E-44DE-B1CB-2E208C3D76AD}.Debug|iPhone.Deploy.0 = Debug|Any CPU
		{F0DC82FD-570E-44DE-B1CB-2E208C3D76AD}.Debug|iPhoneSimulator.ActiveCfg = Debug|Any CPU
		{F0DC82FD-570E-44DE-B1CB-2E208C3D76AD}.Debug|iPhoneSimulator.Build.0 = Debug|Any CPU
		{F0DC82FD-570E-44DE-B1CB-2E208C3D76AD}.Debug|iPhoneSimulator.Deploy.0 = Debug|Any CPU
		{F0DC82FD-570E-44DE-B1CB-2E208C3D76AD}.Release|Any CPU.ActiveCfg = Release|Any CPU
		{F0DC82FD-570E-44DE-B1CB-2E208C3D76AD}.Release|Any CPU.Build.0 = Release|Any CPU
		{F0DC82FD-570E-44DE-B1CB-2E208C3D76AD}.Release|Any CPU.Deploy.0 = Release|Any CPU
		{F0DC82FD-570E-44DE-B1CB-2E208C3D76AD}.Release|iPhone.ActiveCfg = Release|Any CPU
		{F0DC82FD-570E-44DE-B1CB-2E208C3D76AD}.Release|iPhone.Build.0 = Release|Any CPU
		{F0DC82FD-570E-44DE-B1CB-2E208C3D76AD}.Release|iPhone.Deploy.0 = Release|Any CPU
		{F0DC82FD-570E-44DE-B1CB-2E208C3D76AD}.Release|iPhoneSimulator.ActiveCfg = Release|Any CPU
		{F0DC82FD-570E-44DE-B1CB-2E208C3D76AD}.Release|iPhoneSimulator.Build.0 = Release|Any CPU
		{F0DC82FD-570E-44DE-B1CB-2E208C3D76AD}.Release|iPhoneSimulator.Deploy.0 = Release|Any CPU
		{28CBDD3E-81F9-42B9-BD58-893516FD23C5}.Ad-Hoc|Any CPU.ActiveCfg = Release|Any CPU
		{28CBDD3E-81F9-42B9-BD58-893516FD23C5}.Ad-Hoc|Any CPU.Build.0 = Release|Any CPU
		{28CBDD3E-81F9-42B9-BD58-893516FD23C5}.Ad-Hoc|iPhone.ActiveCfg = Release|Any CPU
		{28CBDD3E-81F9-42B9-BD58-893516FD23C5}.Ad-Hoc|iPhone.Build.0 = Release|Any CPU
		{28CBDD3E-81F9-42B9-BD58-893516FD23C5}.Ad-Hoc|iPhoneSimulator.ActiveCfg = Release|Any CPU
		{28CBDD3E-81F9-42B9-BD58-893516FD23C5}.Ad-Hoc|iPhoneSimulator.Build.0 = Release|Any CPU
		{28CBDD3E-81F9-42B9-BD58-893516FD23C5}.AppStore|Any CPU.ActiveCfg = Release|Any CPU
		{28CBDD3E-81F9-42B9-BD58-893516FD23C5}.AppStore|Any CPU.Build.0 = Release|Any CPU
		{28CBDD3E-81F9-42B9-BD58-893516FD23C5}.AppStore|iPhone.ActiveCfg = Release|Any CPU
		{28CBDD3E-81F9-42B9-BD58-893516FD23C5}.AppStore|iPhone.Build.0 = Release|Any CPU
		{28CBDD3E-81F9-42B9-BD58-893516FD23C5}.AppStore|iPhoneSimulator.ActiveCfg = Release|Any CPU
		{28CBDD3E-81F9-42B9-BD58-893516FD23C5}.AppStore|iPhoneSimulator.Build.0 = Release|Any CPU
		{28CBDD3E-81F9-42B9-BD58-893516FD23C5}.Debug|Any CPU.ActiveCfg = Debug|Any CPU
		{28CBDD3E-81F9-42B9-BD58-893516FD23C5}.Debug|Any CPU.Build.0 = Debug|Any CPU
		{28CBDD3E-81F9-42B9-BD58-893516FD23C5}.Debug|iPhone.ActiveCfg = Debug|Any CPU
		{28CBDD3E-81F9-42B9-BD58-893516FD23C5}.Debug|iPhone.Build.0 = Debug|Any CPU
		{28CBDD3E-81F9-42B9-BD58-893516FD23C5}.Debug|iPhoneSimulator.ActiveCfg = Debug|Any CPU
		{28CBDD3E-81F9-42B9-BD58-893516FD23C5}.Debug|iPhoneSimulator.Build.0 = Debug|Any CPU
		{28CBDD3E-81F9-42B9-BD58-893516FD23C5}.Release|Any CPU.ActiveCfg = Release|Any CPU
		{28CBDD3E-81F9-42B9-BD58-893516FD23C5}.Release|Any CPU.Build.0 = Release|Any CPU
		{28CBDD3E-81F9-42B9-BD58-893516FD23C5}.Release|iPhone.ActiveCfg = Release|Any CPU
		{28CBDD3E-81F9-42B9-BD58-893516FD23C5}.Release|iPhone.Build.0 = Release|Any CPU
		{28CBDD3E-81F9-42B9-BD58-893516FD23C5}.Release|iPhoneSimulator.ActiveCfg = Release|Any CPU
		{28CBDD3E-81F9-42B9-BD58-893516FD23C5}.Release|iPhoneSimulator.Build.0 = Release|Any CPU
		{5C5DC07B-3201-4DBA-805A-660B25E18A05}.Ad-Hoc|Any CPU.ActiveCfg = Debug|Any CPU
		{5C5DC07B-3201-4DBA-805A-660B25E18A05}.Ad-Hoc|Any CPU.Build.0 = Debug|Any CPU
		{5C5DC07B-3201-4DBA-805A-660B25E18A05}.Ad-Hoc|iPhone.ActiveCfg = Debug|Any CPU
		{5C5DC07B-3201-4DBA-805A-660B25E18A05}.Ad-Hoc|iPhone.Build.0 = Debug|Any CPU
		{5C5DC07B-3201-4DBA-805A-660B25E18A05}.Ad-Hoc|iPhoneSimulator.ActiveCfg = Debug|Any CPU
		{5C5DC07B-3201-4DBA-805A-660B25E18A05}.Ad-Hoc|iPhoneSimulator.Build.0 = Debug|Any CPU
		{5C5DC07B-3201-4DBA-805A-660B25E18A05}.AppStore|Any CPU.ActiveCfg = Debug|Any CPU
		{5C5DC07B-3201-4DBA-805A-660B25E18A05}.AppStore|Any CPU.Build.0 = Debug|Any CPU
		{5C5DC07B-3201-4DBA-805A-660B25E18A05}.AppStore|iPhone.ActiveCfg = Debug|Any CPU
		{5C5DC07B-3201-4DBA-805A-660B25E18A05}.AppStore|iPhone.Build.0 = Debug|Any CPU
		{5C5DC07B-3201-4DBA-805A-660B25E18A05}.AppStore|iPhoneSimulator.ActiveCfg = Debug|Any CPU
		{5C5DC07B-3201-4DBA-805A-660B25E18A05}.AppStore|iPhoneSimulator.Build.0 = Debug|Any CPU
		{5C5DC07B-3201-4DBA-805A-660B25E18A05}.Debug|Any CPU.ActiveCfg = Debug|Any CPU
		{5C5DC07B-3201-4DBA-805A-660B25E18A05}.Debug|Any CPU.Build.0 = Debug|Any CPU
		{5C5DC07B-3201-4DBA-805A-660B25E18A05}.Debug|iPhone.ActiveCfg = Debug|Any CPU
		{5C5DC07B-3201-4DBA-805A-660B25E18A05}.Debug|iPhone.Build.0 = Debug|Any CPU
		{5C5DC07B-3201-4DBA-805A-660B25E18A05}.Debug|iPhoneSimulator.ActiveCfg = Debug|Any CPU
		{5C5DC07B-3201-4DBA-805A-660B25E18A05}.Debug|iPhoneSimulator.Build.0 = Debug|Any CPU
		{5C5DC07B-3201-4DBA-805A-660B25E18A05}.Release|Any CPU.ActiveCfg = Release|Any CPU
		{5C5DC07B-3201-4DBA-805A-660B25E18A05}.Release|Any CPU.Build.0 = Release|Any CPU
		{5C5DC07B-3201-4DBA-805A-660B25E18A05}.Release|iPhone.ActiveCfg = Release|Any CPU
		{5C5DC07B-3201-4DBA-805A-660B25E18A05}.Release|iPhone.Build.0 = Release|Any CPU
		{5C5DC07B-3201-4DBA-805A-660B25E18A05}.Release|iPhoneSimulator.ActiveCfg = Release|Any CPU
		{5C5DC07B-3201-4DBA-805A-660B25E18A05}.Release|iPhoneSimulator.Build.0 = Release|Any CPU
		{C0C1B4CB-55E6-4935-83BF-63798F76B16E}.Ad-Hoc|Any CPU.ActiveCfg = Debug|Any CPU
		{C0C1B4CB-55E6-4935-83BF-63798F76B16E}.Ad-Hoc|Any CPU.Build.0 = Debug|Any CPU
		{C0C1B4CB-55E6-4935-83BF-63798F76B16E}.Ad-Hoc|iPhone.ActiveCfg = Debug|Any CPU
		{C0C1B4CB-55E6-4935-83BF-63798F76B16E}.Ad-Hoc|iPhone.Build.0 = Debug|Any CPU
		{C0C1B4CB-55E6-4935-83BF-63798F76B16E}.Ad-Hoc|iPhoneSimulator.ActiveCfg = Debug|Any CPU
		{C0C1B4CB-55E6-4935-83BF-63798F76B16E}.Ad-Hoc|iPhoneSimulator.Build.0 = Debug|Any CPU
		{C0C1B4CB-55E6-4935-83BF-63798F76B16E}.AppStore|Any CPU.ActiveCfg = Debug|Any CPU
		{C0C1B4CB-55E6-4935-83BF-63798F76B16E}.AppStore|Any CPU.Build.0 = Debug|Any CPU
		{C0C1B4CB-55E6-4935-83BF-63798F76B16E}.AppStore|iPhone.ActiveCfg = Debug|Any CPU
		{C0C1B4CB-55E6-4935-83BF-63798F76B16E}.AppStore|iPhone.Build.0 = Debug|Any CPU
		{C0C1B4CB-55E6-4935-83BF-63798F76B16E}.AppStore|iPhoneSimulator.ActiveCfg = Debug|Any CPU
		{C0C1B4CB-55E6-4935-83BF-63798F76B16E}.AppStore|iPhoneSimulator.Build.0 = Debug|Any CPU
		{C0C1B4CB-55E6-4935-83BF-63798F76B16E}.Debug|Any CPU.ActiveCfg = Debug|Any CPU
		{C0C1B4CB-55E6-4935-83BF-63798F76B16E}.Debug|Any CPU.Build.0 = Debug|Any CPU
		{C0C1B4CB-55E6-4935-83BF-63798F76B16E}.Debug|iPhone.ActiveCfg = Debug|Any CPU
		{C0C1B4CB-55E6-4935-83BF-63798F76B16E}.Debug|iPhone.Build.0 = Debug|Any CPU
		{C0C1B4CB-55E6-4935-83BF-63798F76B16E}.Debug|iPhoneSimulator.ActiveCfg = Debug|Any CPU
		{C0C1B4CB-55E6-4935-83BF-63798F76B16E}.Debug|iPhoneSimulator.Build.0 = Debug|Any CPU
		{C0C1B4CB-55E6-4935-83BF-63798F76B16E}.Release|Any CPU.ActiveCfg = Release|Any CPU
		{C0C1B4CB-55E6-4935-83BF-63798F76B16E}.Release|Any CPU.Build.0 = Release|Any CPU
		{C0C1B4CB-55E6-4935-83BF-63798F76B16E}.Release|iPhone.ActiveCfg = Release|Any CPU
		{C0C1B4CB-55E6-4935-83BF-63798F76B16E}.Release|iPhone.Build.0 = Release|Any CPU
		{C0C1B4CB-55E6-4935-83BF-63798F76B16E}.Release|iPhoneSimulator.ActiveCfg = Release|Any CPU
		{C0C1B4CB-55E6-4935-83BF-63798F76B16E}.Release|iPhoneSimulator.Build.0 = Release|Any CPU
		{F569E26A-7990-4B38-AB60-167038546DF5}.Ad-Hoc|Any CPU.ActiveCfg = Debug|Any CPU
		{F569E26A-7990-4B38-AB60-167038546DF5}.Ad-Hoc|Any CPU.Build.0 = Debug|Any CPU
		{F569E26A-7990-4B38-AB60-167038546DF5}.Ad-Hoc|iPhone.ActiveCfg = Debug|Any CPU
		{F569E26A-7990-4B38-AB60-167038546DF5}.Ad-Hoc|iPhone.Build.0 = Debug|Any CPU
		{F569E26A-7990-4B38-AB60-167038546DF5}.Ad-Hoc|iPhoneSimulator.ActiveCfg = Debug|Any CPU
		{F569E26A-7990-4B38-AB60-167038546DF5}.Ad-Hoc|iPhoneSimulator.Build.0 = Debug|Any CPU
		{F569E26A-7990-4B38-AB60-167038546DF5}.AppStore|Any CPU.ActiveCfg = Debug|Any CPU
		{F569E26A-7990-4B38-AB60-167038546DF5}.AppStore|Any CPU.Build.0 = Debug|Any CPU
		{F569E26A-7990-4B38-AB60-167038546DF5}.AppStore|iPhone.ActiveCfg = Debug|Any CPU
		{F569E26A-7990-4B38-AB60-167038546DF5}.AppStore|iPhone.Build.0 = Debug|Any CPU
		{F569E26A-7990-4B38-AB60-167038546DF5}.AppStore|iPhoneSimulator.ActiveCfg = Debug|Any CPU
		{F569E26A-7990-4B38-AB60-167038546DF5}.AppStore|iPhoneSimulator.Build.0 = Debug|Any CPU
		{F569E26A-7990-4B38-AB60-167038546DF5}.Debug|Any CPU.ActiveCfg = Debug|Any CPU
		{F569E26A-7990-4B38-AB60-167038546DF5}.Debug|Any CPU.Build.0 = Debug|Any CPU
		{F569E26A-7990-4B38-AB60-167038546DF5}.Debug|iPhone.ActiveCfg = Debug|Any CPU
		{F569E26A-7990-4B38-AB60-167038546DF5}.Debug|iPhone.Build.0 = Debug|Any CPU
		{F569E26A-7990-4B38-AB60-167038546DF5}.Debug|iPhoneSimulator.ActiveCfg = Debug|Any CPU
		{F569E26A-7990-4B38-AB60-167038546DF5}.Debug|iPhoneSimulator.Build.0 = Debug|Any CPU
		{F569E26A-7990-4B38-AB60-167038546DF5}.Release|Any CPU.ActiveCfg = Release|Any CPU
		{F569E26A-7990-4B38-AB60-167038546DF5}.Release|Any CPU.Build.0 = Release|Any CPU
		{F569E26A-7990-4B38-AB60-167038546DF5}.Release|iPhone.ActiveCfg = Release|Any CPU
		{F569E26A-7990-4B38-AB60-167038546DF5}.Release|iPhone.Build.0 = Release|Any CPU
		{F569E26A-7990-4B38-AB60-167038546DF5}.Release|iPhoneSimulator.ActiveCfg = Release|Any CPU
		{F569E26A-7990-4B38-AB60-167038546DF5}.Release|iPhoneSimulator.Build.0 = Release|Any CPU
		{9C69BF8E-7CC6-41D3-B1A1-0C8A6CD7A9E0}.Ad-Hoc|Any CPU.ActiveCfg = Debug|Any CPU
		{9C69BF8E-7CC6-41D3-B1A1-0C8A6CD7A9E0}.Ad-Hoc|Any CPU.Build.0 = Debug|Any CPU
		{9C69BF8E-7CC6-41D3-B1A1-0C8A6CD7A9E0}.Ad-Hoc|iPhone.ActiveCfg = Debug|Any CPU
		{9C69BF8E-7CC6-41D3-B1A1-0C8A6CD7A9E0}.Ad-Hoc|iPhone.Build.0 = Debug|Any CPU
		{9C69BF8E-7CC6-41D3-B1A1-0C8A6CD7A9E0}.Ad-Hoc|iPhoneSimulator.ActiveCfg = Debug|Any CPU
		{9C69BF8E-7CC6-41D3-B1A1-0C8A6CD7A9E0}.Ad-Hoc|iPhoneSimulator.Build.0 = Debug|Any CPU
		{9C69BF8E-7CC6-41D3-B1A1-0C8A6CD7A9E0}.AppStore|Any CPU.ActiveCfg = Debug|Any CPU
		{9C69BF8E-7CC6-41D3-B1A1-0C8A6CD7A9E0}.AppStore|Any CPU.Build.0 = Debug|Any CPU
		{9C69BF8E-7CC6-41D3-B1A1-0C8A6CD7A9E0}.AppStore|iPhone.ActiveCfg = Debug|Any CPU
		{9C69BF8E-7CC6-41D3-B1A1-0C8A6CD7A9E0}.AppStore|iPhone.Build.0 = Debug|Any CPU
		{9C69BF8E-7CC6-41D3-B1A1-0C8A6CD7A9E0}.AppStore|iPhoneSimulator.ActiveCfg = Debug|Any CPU
		{9C69BF8E-7CC6-41D3-B1A1-0C8A6CD7A9E0}.AppStore|iPhoneSimulator.Build.0 = Debug|Any CPU
		{9C69BF8E-7CC6-41D3-B1A1-0C8A6CD7A9E0}.Debug|Any CPU.ActiveCfg = Debug|Any CPU
		{9C69BF8E-7CC6-41D3-B1A1-0C8A6CD7A9E0}.Debug|Any CPU.Build.0 = Debug|Any CPU
		{9C69BF8E-7CC6-41D3-B1A1-0C8A6CD7A9E0}.Debug|iPhone.ActiveCfg = Debug|Any CPU
		{9C69BF8E-7CC6-41D3-B1A1-0C8A6CD7A9E0}.Debug|iPhone.Build.0 = Debug|Any CPU
		{9C69BF8E-7CC6-41D3-B1A1-0C8A6CD7A9E0}.Debug|iPhoneSimulator.ActiveCfg = Debug|Any CPU
		{9C69BF8E-7CC6-41D3-B1A1-0C8A6CD7A9E0}.Debug|iPhoneSimulator.Build.0 = Debug|Any CPU
		{9C69BF8E-7CC6-41D3-B1A1-0C8A6CD7A9E0}.Release|Any CPU.ActiveCfg = Release|Any CPU
		{9C69BF8E-7CC6-41D3-B1A1-0C8A6CD7A9E0}.Release|Any CPU.Build.0 = Release|Any CPU
		{9C69BF8E-7CC6-41D3-B1A1-0C8A6CD7A9E0}.Release|iPhone.ActiveCfg = Release|Any CPU
		{9C69BF8E-7CC6-41D3-B1A1-0C8A6CD7A9E0}.Release|iPhone.Build.0 = Release|Any CPU
		{9C69BF8E-7CC6-41D3-B1A1-0C8A6CD7A9E0}.Release|iPhoneSimulator.ActiveCfg = Release|Any CPU
		{9C69BF8E-7CC6-41D3-B1A1-0C8A6CD7A9E0}.Release|iPhoneSimulator.Build.0 = Release|Any CPU
	EndGlobalSection
	GlobalSection(SolutionProperties) = preSolution
		HideSolutionNode = FALSE
	EndGlobalSection
	GlobalSection(ExtensibilityGlobals) = postSolution
		SolutionGuid = {CD5DAC7E-B893-4103-B28C-9CC1A9C1CB8D}
	EndGlobalSection
EndGlobal
